
Microsoft Visual Studio Solution File, Format Version 12.00
# Visual Studio Version 17
VisualStudioVersion = 17.14.36623.8
MinimumVisualStudioVersion = 10.0.40219.1
Project("{FAE04EC0-301F-11D3-BF4B-00C04F79EFBC}") = "FormPhong", "FormPhong\FormPhong.csproj", "{ED0E3401-9838-48EA-B796-425F813CB11A}"
EndProject
Global
	GlobalSection(SolutionConfigurationPlatforms) = preSolution
		Debug|Any CPU = Debug|Any CPU
		Release|Any CPU = Release|Any CPU
	EndGlobalSection
	GlobalSection(ProjectConfigurationPlatforms) = postSolution
		{ED0E3401-9838-48EA-B796-425F813CB11A}.Debug|Any CPU.ActiveCfg = Debug|Any CPU
		{ED0E3401-9838-48EA-B796-425F813CB11A}.Debug|Any CPU.Build.0 = Debug|Any CPU
		{ED0E3401-9838-48EA-B796-425F813CB11A}.Release|Any CPU.ActiveCfg = Release|Any CPU
		{ED0E3401-9838-48EA-B796-425F813CB11A}.Release|Any CPU.Build.0 = Release|Any CPU
	EndGlobalSection
	GlobalSection(SolutionProperties) = preSolution
		HideSolutionNode = FALSE
	EndGlobalSection
	GlobalSection(ExtensibilityGlobals) = postSolution
		SolutionGuid = {26822506-A3FB-4F43-847C-183B5128F983}
	EndGlobalSection
EndGlobal
