
Microsoft Visual Studio Solution File, Format Version 12.00
# Visual Studio Version 17
VisualStudioVersion = 17.14.36623.8 d17.14
MinimumVisualStudioVersion = 10.0.40219.1
Project("{FAE04EC0-301F-11D3-BF4B-00C04F79EFBC}") = "QuanLyKhachSan", "QuanLyKhachSan\QuanLyKhachSan.csproj", "{5AC2D980-FF61-4B3F-9C27-437C352F6306}"
EndProject
Global
	GlobalSection(SolutionConfigurationPlatforms) = preSolution
		Debug|Any CPU = Debug|Any CPU
		Release|Any CPU = Release|Any CPU
	EndGlobalSection
	GlobalSection(ProjectConfigurationPlatforms) = postSolution
		{5AC2D980-FF61-4B3F-9C27-437C352F6306}.Debug|Any CPU.ActiveCfg = Debug|Any CPU
		{5AC2D980-FF61-4B3F-9C27-437C352F6306}.Debug|Any CPU.Build.0 = Debug|Any CPU
		{5AC2D980-FF61-4B3F-9C27-437C352F6306}.Release|Any CPU.ActiveCfg = Release|Any CPU
		{5AC2D980-FF61-4B3F-9C27-437C352F6306}.Release|Any CPU.Build.0 = Release|Any CPU
	EndGlobalSection
	GlobalSection(SolutionProperties) = preSolution
		HideSolutionNode = FALSE
	EndGlobalSection
	GlobalSection(ExtensibilityGlobals) = postSolution
		SolutionGuid = {51AC2F1A-EBCD-4E61-8E9C-B25A26798E18}
	EndGlobalSection
EndGlobal
