
Microsoft Visual Studio Solution File, Format Version 12.00
# Visual Studio Version 17
VisualStudioVersion = 17.14.36623.8 d17.14
MinimumVisualStudioVersion = 10.0.40219.1
Project("{FAE04EC0-301F-11D3-BF4B-00C04F79EFBC}") = "TestFormLoaiPhong", "TestFormLoaiPhong\TestFormLoaiPhong.csproj", "{41F8384A-75A4-46A1-ADA3-AD3F31F912AC}"
EndProject
Global
	GlobalSection(SolutionConfigurationPlatforms) = preSolution
		Debug|Any CPU = Debug|Any CPU
		Release|Any CPU = Release|Any CPU
	EndGlobalSection
	GlobalSection(ProjectConfigurationPlatforms) = postSolution
		{41F8384A-75A4-46A1-ADA3-AD3F31F912AC}.Debug|Any CPU.ActiveCfg = Debug|Any CPU
		{41F8384A-75A4-46A1-ADA3-AD3F31F912AC}.Debug|Any CPU.Build.0 = Debug|Any CPU
		{41F8384A-75A4-46A1-ADA3-AD3F31F912AC}.Release|Any CPU.ActiveCfg = Release|Any CPU
		{41F8384A-75A4-46A1-ADA3-AD3F31F912AC}.Release|Any CPU.Build.0 = Release|Any CPU
	EndGlobalSection
	GlobalSection(SolutionProperties) = preSolution
		HideSolutionNode = FALSE
	EndGlobalSection
	GlobalSection(ExtensibilityGlobals) = postSolution
		SolutionGuid = {F5DC3E3E-8BF6-49D8-8D2E-1C7BF3B7FE4A}
	EndGlobalSection
EndGlobal
